// !$*UTF8*$!
{
	archiveVersion = 1;
	classes = {};
	objectVersion = 77;
	objects = {

/* Begin PBXBuildFile section */
		A10000000000000000000101 /* SharedModels.swift in Sources */ = {isa = PBXBuildFile; fileRef = A10000000000000000000100 /* SharedModels.swift */; };
		A10000000000000000000103 /* SecureIdentity.swift in Sources */ = {isa = PBXBuildFile; fileRef = A10000000000000000000102 /* SecureIdentity.swift */; };
		A10000000000000000000105 /* BackendClient.swift in Sources */ = {isa = PBXBuildFile; fileRef = A10000000000000000000104 /* BackendClient.swift */; };
		A10000000000000000000107 /* ModelTools.swift in Sources */ = {isa = PBXBuildFile; fileRef = A10000000000000000000106 /* ModelTools.swift */; };
		A10000000000000000000109 /* Execution.swift in Sources */ = {isa = PBXBuildFile; fileRef = A10000000000000000000108 /* Execution.swift */; };
		A1000000000000000000010B /* ChatAgent.swift in Sources */ = {isa = PBXBuildFile; fileRef = A1000000000000000000010A /* ChatAgent.swift */; };
		A1000000000000000000010D /* OAuthCoordinator.swift in Sources */ = {isa = PBXBuildFile; fileRef = A1000000000000000000010C /* OAuthCoordinator.swift */; };
		A1000000000000000000010F /* Views.swift in Sources */ = {isa = PBXBuildFile; fileRef = A1000000000000000000010E /* Views.swift */; };
		A10000000000000000000111 /* PocketKernelApp.swift in Sources */ = {isa = PBXBuildFile; fileRef = A10000000000000000000110 /* PocketKernelApp.swift */; };
		A10000000000000000000113 /* PrivacyInfo.xcprivacy in Resources */ = {isa = PBXBuildFile; fileRef = A10000000000000000000112 /* PrivacyInfo.xcprivacy */; };
		B20000000000000000000101 /* EntryExperience.swift in Sources */ = {isa = PBXBuildFile; fileRef = B20000000000000000000100 /* EntryExperience.swift */; };
		C30000000000000000000101 /* NovaSecondaryViews.swift in Sources */ = {isa = PBXBuildFile; fileRef = C30000000000000000000100 /* NovaSecondaryViews.swift */; };
		B20000000000000000000103 /* GoogleSignInSwift in Frameworks */ = {isa = PBXBuildFile; productRef = B20000000000000000000102 /* GoogleSignInSwift */; };
		B20000000000000000000105 /* Assets.xcassets in Resources */ = {isa = PBXBuildFile; fileRef = B20000000000000000000104 /* Assets.xcassets */; };
/* End PBXBuildFile section */

/* Begin PBXFileReference section */
		A10000000000000000000100 /* SharedModels.swift */ = {isa = PBXFileReference; lastKnownFileType = sourcecode.swift; path = Core/SharedModels.swift; sourceTree = "<group>"; };
		A10000000000000000000102 /* SecureIdentity.swift */ = {isa = PBXFileReference; lastKnownFileType = sourcecode.swift; path = Core/SecureIdentity.swift; sourceTree = "<group>"; };
		A10000000000000000000104 /* BackendClient.swift */ = {isa = PBXFileReference; lastKnownFileType = sourcecode.swift; path = Core/BackendClient.swift; sourceTree = "<group>"; };
		A10000000000000000000106 /* ModelTools.swift */ = {isa = PBXFileReference; lastKnownFileType = sourcecode.swift; path = Agent/ModelTools.swift; sourceTree = "<group>"; };
		A10000000000000000000108 /* Execution.swift */ = {isa = PBXFileReference; lastKnownFileType = sourcecode.swift; path = Agent/Execution.swift; sourceTree = "<group>"; };
		A1000000000000000000010A /* ChatAgent.swift */ = {isa = PBXFileReference; lastKnownFileType = sourcecode.swift; path = Agent/ChatAgent.swift; sourceTree = "<group>"; };
		A1000000000000000000010C /* OAuthCoordinator.swift */ = {isa = PBXFileReference; lastKnownFileType = sourcecode.swift; path = UI/OAuthCoordinator.swift; sourceTree = "<group>"; };
		A1000000000000000000010E /* Views.swift */ = {isa = PBXFileReference; lastKnownFileType = sourcecode.swift; path = UI/Views.swift; sourceTree = "<group>"; };
		A10000000000000000000110 /* PocketKernelApp.swift */ = {isa = PBXFileReference; lastKnownFileType = sourcecode.swift; path = App/PocketKernelApp.swift; sourceTree = "<group>"; };
		A10000000000000000000112 /* PrivacyInfo.xcprivacy */ = {isa = PBXFileReference; lastKnownFileType = text.xml; path = PrivacyInfo.xcprivacy; sourceTree = "<group>"; };
		B20000000000000000000100 /* EntryExperience.swift */ = {isa = PBXFileReference; lastKnownFileType = sourcecode.swift; path = App/EntryExperience.swift; sourceTree = "<group>"; };
		C30000000000000000000100 /* NovaSecondaryViews.swift */ = {isa = PBXFileReference; lastKnownFileType = sourcecode.swift; path = UI/NovaSecondaryViews.swift; sourceTree = "<group>"; };
		B20000000000000000000104 /* Assets.xcassets */ = {isa = PBXFileReference; lastKnownFileType = folder.assetcatalog; path = Assets.xcassets; sourceTree = "<group>"; };
		A10000000000000000000003 /* PocketKernel.app */ = {isa = PBXFileReference; explicitFileType = wrapper.application; includeInIndex = 0; path = PocketKernel.app; sourceTree = BUILT_PRODUCTS_DIR; };
/* End PBXFileReference section */

/* Begin PBXFrameworksBuildPhase section */
		A10000000000000000000004 /* Frameworks */ = {
			isa = PBXFrameworksBuildPhase;
			buildActionMask = 2147483647;
			files = (
				B20000000000000000000103 /* GoogleSignInSwift in Frameworks */,
			);
			runOnlyForDeploymentPostprocessing = 0;
		};
/* End PBXFrameworksBuildPhase section */

/* Begin PBXGroup section */
		A10000000000000000000005 = {
			isa = PBXGroup;
			children = (
				A10000000000000000000006 /* PocketKernel */,
				A10000000000000000000007 /* Products */,
			);
			sourceTree = "<group>";
		};
		A10000000000000000000006 /* PocketKernel */ = {
			isa = PBXGroup;
			children = (
				A10000000000000000000100 /* SharedModels.swift */,
				A10000000000000000000102 /* SecureIdentity.swift */,
				A10000000000000000000104 /* BackendClient.swift */,
				A10000000000000000000106 /* ModelTools.swift */,
				A10000000000000000000108 /* Execution.swift */,
				A1000000000000000000010A /* ChatAgent.swift */,
				A1000000000000000000010C /* OAuthCoordinator.swift */,
				A1000000000000000000010E /* Views.swift */,
				A10000000000000000000110 /* PocketKernelApp.swift */,
				A10000000000000000000112 /* PrivacyInfo.xcprivacy */,
				B20000000000000000000100 /* EntryExperience.swift */,
				C30000000000000000000100 /* NovaSecondaryViews.swift */,
				B20000000000000000000104 /* Assets.xcassets */,
			);
			path = PocketKernel;
			sourceTree = "<group>";
		};
		A10000000000000000000007 /* Products */ = {
			isa = PBXGroup;
			children = (
				A10000000000000000000003 /* PocketKernel.app */,
			);
			name = Products;
			sourceTree = "<group>";
		};
/* End PBXGroup section */

/* Begin PBXNativeTarget section */
		A10000000000000000000008 /* PocketKernel */ = {
			isa = PBXNativeTarget;
			buildConfigurationList = A10000000000000000000009 /* Build configuration list for PBXNativeTarget "PocketKernel" */;
			buildPhases = (
				A1000000000000000000000A /* Sources */,
				A10000000000000000000004 /* Frameworks */,
				A1000000000000000000000B /* Resources */,
			);
			buildRules = ();
			dependencies = ();
			name = PocketKernel;
			packageProductDependencies = (
				B20000000000000000000102 /* GoogleSignInSwift */,
			);
			productName = PocketKernel;
			productReference = A10000000000000000000003 /* PocketKernel.app */;
			productType = "com.apple.product-type.application";
		};
/* End PBXNativeTarget section */

/* Begin PBXProject section */
		A1000000000000000000000C /* Project object */ = {
			isa = PBXProject;
			attributes = {
				BuildIndependentTargetsInParallel = 1;
				LastSwiftUpdateCheck = 2650;
				LastUpgradeCheck = 2650;
				TargetAttributes = {
					A10000000000000000000008 = { CreatedOnToolsVersion = 26.5; };
				};
			};
			buildConfigurationList = A1000000000000000000000D /* Build configuration list for PBXProject "PocketKernel" */;
			compatibilityVersion = "Xcode 16.0";
			developmentRegion = en;
			hasScannedForEncodings = 0;
			knownRegions = (en, Base);
			mainGroup = A10000000000000000000005;
			productRefGroup = A10000000000000000000007 /* Products */;
			packageReferences = (
				B20000000000000000000106 /* XCRemoteSwiftPackageReference GoogleSignIn-iOS */,
			);
			projectDirPath = "";
			projectRoot = "";
			targets = (A10000000000000000000008 /* PocketKernel */);
		};
/* End PBXProject section */

/* Begin PBXResourcesBuildPhase section */
		A1000000000000000000000B /* Resources */ = {
			isa = PBXResourcesBuildPhase;
			buildActionMask = 2147483647;
			files = (
				A10000000000000000000113 /* PrivacyInfo.xcprivacy in Resources */,
				B20000000000000000000105 /* Assets.xcassets in Resources */,
			);
			runOnlyForDeploymentPostprocessing = 0;
		};
/* End PBXResourcesBuildPhase section */

/* Begin PBXSourcesBuildPhase section */
		A1000000000000000000000A /* Sources */ = {
			isa = PBXSourcesBuildPhase;
			buildActionMask = 2147483647;
			files = (
				A10000000000000000000101 /* SharedModels.swift in Sources */,
				A10000000000000000000103 /* SecureIdentity.swift in Sources */,
				A10000000000000000000105 /* BackendClient.swift in Sources */,
				A10000000000000000000107 /* ModelTools.swift in Sources */,
				A10000000000000000000109 /* Execution.swift in Sources */,
				A1000000000000000000010B /* ChatAgent.swift in Sources */,
				A1000000000000000000010D /* OAuthCoordinator.swift in Sources */,
				A1000000000000000000010F /* Views.swift in Sources */,
				A10000000000000000000111 /* PocketKernelApp.swift in Sources */,
				B20000000000000000000101 /* EntryExperience.swift in Sources */,
				C30000000000000000000101 /* NovaSecondaryViews.swift in Sources */,
			);
			runOnlyForDeploymentPostprocessing = 0;
		};
/* End PBXSourcesBuildPhase section */


/* Begin XCRemoteSwiftPackageReference section */
		B20000000000000000000106 /* XCRemoteSwiftPackageReference GoogleSignIn-iOS */ = {
			isa = XCRemoteSwiftPackageReference;
			repositoryURL = "https://github.com/google/GoogleSignIn-iOS";
			requirement = {
				kind = upToNextMajorVersion;
				minimumVersion = 9.1.0;
			};
		};
/* End XCRemoteSwiftPackageReference section */

/* Begin XCSwiftPackageProductDependency section */
		B20000000000000000000102 /* GoogleSignInSwift */ = {
			isa = XCSwiftPackageProductDependency;
			package = B20000000000000000000106 /* XCRemoteSwiftPackageReference GoogleSignIn-iOS */;
			productName = GoogleSignInSwift;
		};
/* End XCSwiftPackageProductDependency section */

/* Begin XCBuildConfiguration section */
		A1000000000000000000000E /* Debug */ = {
			isa = XCBuildConfiguration;
			buildSettings = {
				ALWAYS_SEARCH_USER_PATHS = NO;
				CLANG_ENABLE_MODULES = YES;
				CLANG_ENABLE_OBJC_ARC = YES;
				COPY_PHASE_STRIP = NO;
				DEBUG_INFORMATION_FORMAT = dwarf;
				ENABLE_TESTABILITY = YES;
				GCC_C_LANGUAGE_STANDARD = gnu17;
				GCC_OPTIMIZATION_LEVEL = 0;
				ONLY_ACTIVE_ARCH = YES;
				SDKROOT = iphoneos;
				SWIFT_ACTIVE_COMPILATION_CONDITIONS = "DEBUG $(inherited)";
				SWIFT_OPTIMIZATION_LEVEL = "-Onone";
				SWIFT_VERSION = 6.0;
			};
			name = Debug;
		};
		A1000000000000000000000F /* Release */ = {
			isa = XCBuildConfiguration;
			buildSettings = {
				ALWAYS_SEARCH_USER_PATHS = NO;
				CLANG_ENABLE_MODULES = YES;
				CLANG_ENABLE_OBJC_ARC = YES;
				COPY_PHASE_STRIP = NO;
				DEBUG_INFORMATION_FORMAT = "dwarf-with-dsym";
				ENABLE_NS_ASSERTIONS = NO;
				GCC_C_LANGUAGE_STANDARD = gnu17;
				SDKROOT = iphoneos;
				SWIFT_COMPILATION_MODE = wholemodule;
				SWIFT_OPTIMIZATION_LEVEL = "-O";
				SWIFT_VERSION = 6.0;
				VALIDATE_PRODUCT = YES;
			};
			name = Release;
		};
		A10000000000000000000010 /* Debug */ = {
			isa = XCBuildConfiguration;
			buildSettings = {
				CODE_SIGN_ENTITLEMENTS = PocketKernel/PocketKernel.entitlements;
				CODE_SIGN_STYLE = Automatic;
				CURRENT_PROJECT_VERSION = 3;
				ENABLE_PREVIEWS = YES;
				GENERATE_INFOPLIST_FILE = NO;
				INFOPLIST_FILE = PocketKernel/Info.plist;
				IPHONEOS_DEPLOYMENT_TARGET = 26.0;
				MARKETING_VERSION = 2.2.0;
				PRODUCT_BUNDLE_IDENTIFIER = com.nightvibes33.pocketkernel;
				PRODUCT_NAME = "$(TARGET_NAME)";
				SUPPORTED_PLATFORMS = "iphoneos iphonesimulator";
				SWIFT_EMIT_LOC_STRINGS = YES;
				SWIFT_STRICT_CONCURRENCY = complete;
				SWIFT_VERSION = 6.0;
				TARGETED_DEVICE_FAMILY = "1,2";
			};
			name = Debug;
		};
		A10000000000000000000011 /* Release */ = {
			isa = XCBuildConfiguration;
			buildSettings = {
				CODE_SIGN_ENTITLEMENTS = PocketKernel/PocketKernel.entitlements;
				CODE_SIGN_STYLE = Automatic;
				CURRENT_PROJECT_VERSION = 3;
				ENABLE_PREVIEWS = YES;
				GENERATE_INFOPLIST_FILE = NO;
				INFOPLIST_FILE = PocketKernel/Info.plist;
				IPHONEOS_DEPLOYMENT_TARGET = 26.0;
				MARKETING_VERSION = 2.2.0;
				PRODUCT_BUNDLE_IDENTIFIER = com.nightvibes33.pocketkernel;
				PRODUCT_NAME = "$(TARGET_NAME)";
				SUPPORTED_PLATFORMS = "iphoneos iphonesimulator";
				SWIFT_EMIT_LOC_STRINGS = YES;
				SWIFT_STRICT_CONCURRENCY = complete;
				SWIFT_VERSION = 6.0;
				TARGETED_DEVICE_FAMILY = "1,2";
			};
			name = Release;
		};
/* End XCBuildConfiguration section */

/* Begin XCConfigurationList section */
		A10000000000000000000009 /* Build configuration list for PBXNativeTarget "PocketKernel" */ = {
			isa = XCConfigurationList;
			buildConfigurations = (A10000000000000000000010 /* Debug */, A10000000000000000000011 /* Release */);
			defaultConfigurationIsVisible = 0;
			defaultConfigurationName = Release;
		};
		A1000000000000000000000D /* Build configuration list for PBXProject "PocketKernel" */ = {
			isa = XCConfigurationList;
			buildConfigurations = (A1000000000000000000000E /* Debug */, A1000000000000000000000F /* Release */);
			defaultConfigurationIsVisible = 0;
			defaultConfigurationName = Release;
		};
/* End XCConfigurationList section */
	};
	rootObject = A1000000000000000000000C /* Project object */;
}
